// !$*UTF8*$!
{
	archiveVersion = 1;
	classes = {
	};
	objectVersion = 46;
	objects = {

/* Begin PBXBuildFile section */
		480902DB1B93A09B000B8AAC /* Player.swift in Sources */ = {isa = PBXBuildFile; fileRef = 480902DA1B93A09B000B8AAC /* Player.swift */; };
		480902DD1B93A11B000B8AAC /* SKEntity.swift in Sources */ = {isa = PBXBuildFile; fileRef = 480902DC1B93A11B000B8AAC /* SKEntity.swift */; };
		480902E11B93AE53000B8AAC /* UIViewExtensions.swift in Sources */ = {isa = PBXBuildFile; fileRef = 480902DF1B93AE53000B8AAC /* UIViewExtensions.swift */; };
		480902E31B93AEF7000B8AAC /* entities.atlas in Resources */ = {isa = PBXBuildFile; fileRef = 480902E21B93AEF7000B8AAC /* entities.atlas */; };
		480902F11B93B5A1000B8AAC /* CGFloat+Extensions.swift in Sources */ = {isa = PBXBuildFile; fileRef = 480902E51B93B5A1000B8AAC /* CGFloat+Extensions.swift */; };
		480902F21B93B5A1000B8AAC /* CGPoint+Extensions.swift in Sources */ = {isa = PBXBuildFile; fileRef = 480902E61B93B5A1000B8AAC /* CGPoint+Extensions.swift */; };
		480902F31B93B5A1000B8AAC /* CGVector+Extensions.swift in Sources */ = {isa = PBXBuildFile; fileRef = 480902E71B93B5A1000B8AAC /* CGVector+Extensions.swift */; };
		480902F41B93B5A1000B8AAC /* Int+Extensions.swift in Sources */ = {isa = PBXBuildFile; fileRef = 480902E81B93B5A1000B8AAC /* Int+Extensions.swift */; };
		480902F51B93B5A1000B8AAC /* SKAction+Extensions.swift in Sources */ = {isa = PBXBuildFile; fileRef = 480902E91B93B5A1000B8AAC /* SKAction+Extensions.swift */; };
		480902F61B93B5A1000B8AAC /* SKAction+SpecialEffects.swift in Sources */ = {isa = PBXBuildFile; fileRef = 480902EA1B93B5A1000B8AAC /* SKAction+SpecialEffects.swift */; };
		480902F71B93B5A1000B8AAC /* SKColor+Extensions.swift in Sources */ = {isa = PBXBuildFile; fileRef = 480902EB1B93B5A1000B8AAC /* SKColor+Extensions.swift */; };
		480902F81B93B5A1000B8AAC /* SKNode+Extensions.swift in Sources */ = {isa = PBXBuildFile; fileRef = 480902EC1B93B5A1000B8AAC /* SKNode+Extensions.swift */; };
		480902F91B93B5A1000B8AAC /* SKTAudio.swift in Sources */ = {isa = PBXBuildFile; fileRef = 480902ED1B93B5A1000B8AAC /* SKTAudio.swift */; };
		480902FA1B93B5A1000B8AAC /* SKTEffects.swift in Sources */ = {isa = PBXBuildFile; fileRef = 480902EE1B93B5A1000B8AAC /* SKTEffects.swift */; };
		480902FB1B93B5A1000B8AAC /* SKTTimingFunctions.swift in Sources */ = {isa = PBXBuildFile; fileRef = 480902EF1B93B5A1000B8AAC /* SKTTimingFunctions.swift */; };
		480902FC1B93B5A1000B8AAC /* Vector3.swift in Sources */ = {isa = PBXBuildFile; fileRef = 480902F01B93B5A1000B8AAC /* Vector3.swift */; };
		48A0EE2D1B8FE0470059FCFD /* Main.storyboard in Resources */ = {isa = PBXBuildFile; fileRef = 48A0EE2B1B8FE0470059FCFD /* Main.storyboard */; };
		48A0EE2F1B8FE0470059FCFD /* Images.xcassets in Resources */ = {isa = PBXBuildFile; fileRef = 48A0EE2E1B8FE0470059FCFD /* Images.xcassets */; };
		48A0EE321B8FE0470059FCFD /* LaunchScreen.xib in Resources */ = {isa = PBXBuildFile; fileRef = 48A0EE301B8FE0470059FCFD /* LaunchScreen.xib */; };
		48A0EE4C1B8FE6750059FCFD /* MainGameScene.swift in Sources */ = {isa = PBXBuildFile; fileRef = 48A0EE4B1B8FE6750059FCFD /* MainGameScene.swift */; };
		48A0EE501B8FE6900059FCFD /* GameViewController.swift in Sources */ = {isa = PBXBuildFile; fileRef = 48A0EE4F1B8FE6900059FCFD /* GameViewController.swift */; };
		48A0EE521B8FE6950059FCFD /* WindowController.swift in Sources */ = {isa = PBXBuildFile; fileRef = 48A0EE511B8FE6950059FCFD /* WindowController.swift */; };
/* End PBXBuildFile section */

/* Begin PBXFileReference section */
		480902DA1B93A09B000B8AAC /* Player.swift */ = {isa = PBXFileReference; fileEncoding = 4; lastKnownFileType = sourcecode.swift; path = Player.swift; sourceTree = "<group>"; };
		480902DC1B93A11B000B8AAC /* SKEntity.swift */ = {isa = PBXFileReference; fileEncoding = 4; lastKnownFileType = sourcecode.swift; path = SKEntity.swift; sourceTree = "<group>"; };
		480902DF1B93AE53000B8AAC /* UIViewExtensions.swift */ = {isa = PBXFileReference; fileEncoding = 4; lastKnownFileType = sourcecode.swift; path = UIViewExtensions.swift; sourceTree = "<group>"; };
		480902E21B93AEF7000B8AAC /* entities.atlas */ = {isa = PBXFileReference; lastKnownFileType = folder.skatlas; path = entities.atlas; sourceTree = "<group>"; };
		480902E51B93B5A1000B8AAC /* CGFloat+Extensions.swift */ = {isa = PBXFileReference; fileEncoding = 4; lastKnownFileType = sourcecode.swift; name = "CGFloat+Extensions.swift"; path = "SKTUtils/CGFloat+Extensions.swift"; sourceTree = "<group>"; };
		480902E61B93B5A1000B8AAC /* CGPoint+Extensions.swift */ = {isa = PBXFileReference; fileEncoding = 4; lastKnownFileType = sourcecode.swift; name = "CGPoint+Extensions.swift"; path = "SKTUtils/CGPoint+Extensions.swift"; sourceTree = "<group>"; };
		480902E71B93B5A1000B8AAC /* CGVector+Extensions.swift */ = {isa = PBXFileReference; fileEncoding = 4; lastKnownFileType = sourcecode.swift; name = "CGVector+Extensions.swift"; path = "SKTUtils/CGVector+Extensions.swift"; sourceTree = "<group>"; };
		480902E81B93B5A1000B8AAC /* Int+Extensions.swift */ = {isa = PBXFileReference; fileEncoding = 4; lastKnownFileType = sourcecode.swift; name = "Int+Extensions.swift"; path = "SKTUtils/Int+Extensions.swift"; sourceTree = "<group>"; };
		480902E91B93B5A1000B8AAC /* SKAction+Extensions.swift */ = {isa = PBXFileReference; fileEncoding = 4; lastKnownFileType = sourcecode.swift; name = "SKAction+Extensions.swift"; path = "SKTUtils/SKAction+Extensions.swift"; sourceTree = "<group>"; };
		480902EA1B93B5A1000B8AAC /* SKAction+SpecialEffects.swift */ = {isa = PBXFileReference; fileEncoding = 4; lastKnownFileType = sourcecode.swift; name = "SKAction+SpecialEffects.swift"; path = "SKTUtils/SKAction+SpecialEffects.swift"; sourceTree = "<group>"; };
		480902EB1B93B5A1000B8AAC /* SKColor+Extensions.swift */ = {isa = PBXFileReference; fileEncoding = 4; lastKnownFileType = sourcecode.swift; name = "SKColor+Extensions.swift"; path = "SKTUtils/SKColor+Extensions.swift"; sourceTree = "<group>"; };
		480902EC1B93B5A1000B8AAC /* SKNode+Extensions.swift */ = {isa = PBXFileReference; fileEncoding = 4; lastKnownFileType = sourcecode.swift; name = "SKNode+Extensions.swift"; path = "SKTUtils/SKNode+Extensions.swift"; sourceTree = "<group>"; };
		480902ED1B93B5A1000B8AAC /* SKTAudio.swift */ = {isa = PBXFileReference; fileEncoding = 4; lastKnownFileType = sourcecode.swift; name = SKTAudio.swift; path = SKTUtils/SKTAudio.swift; sourceTree = "<group>"; };
		480902EE1B93B5A1000B8AAC /* SKTEffects.swift */ = {isa = PBXFileReference; fileEncoding = 4; lastKnownFileType = sourcecode.swift; name = SKTEffects.swift; path = SKTUtils/SKTEffects.swift; sourceTree = "<group>"; };
		480902EF1B93B5A1000B8AAC /* SKTTimingFunctions.swift */ = {isa = PBXFileReference; fileEncoding = 4; lastKnownFileType = sourcecode.swift; name = SKTTimingFunctions.swift; path = SKTUtils/SKTTimingFunctions.swift; sourceTree = "<group>"; };
		480902F01B93B5A1000B8AAC /* Vector3.swift */ = {isa = PBXFileReference; fileEncoding = 4; lastKnownFileType = sourcecode.swift; name = Vector3.swift; path = SKTUtils/Vector3.swift; sourceTree = "<group>"; };
		488EAFC61B8FEB1E004B5AD4 /* app.plist */ = {isa = PBXFileReference; fileEncoding = 4; lastKnownFileType = text.plist.xml; path = app.plist; sourceTree = "<group>"; };
		488EAFC81B8FEB64004B5AD4 /* Chase.app */ = {isa = PBXFileReference; explicitFileType = wrapper.application; includeInIndex = 0; path = Chase.app; sourceTree = BUILT_PRODUCTS_DIR; };
		48A0EE2C1B8FE0470059FCFD /* Base */ = {isa = PBXFileReference; lastKnownFileType = file.storyboard; name = Base; path = Base.lproj/Main.storyboard; sourceTree = "<group>"; };
		48A0EE2E1B8FE0470059FCFD /* Images.xcassets */ = {isa = PBXFileReference; lastKnownFileType = folder.assetcatalog; name = Images.xcassets; path = ../Chase/Images.xcassets; sourceTree = "<group>"; };
		48A0EE311B8FE0470059FCFD /* Base */ = {isa = PBXFileReference; lastKnownFileType = file.xib; name = Base; path = Base.lproj/LaunchScreen.xib; sourceTree = "<group>"; };
		48A0EE4B1B8FE6750059FCFD /* MainGameScene.swift */ = {isa = PBXFileReference; fileEncoding = 4; lastKnownFileType = sourcecode.swift; name = MainGameScene.swift; path = Scenes/MainGameScene.swift; sourceTree = "<group>"; };
		48A0EE4F1B8FE6900059FCFD /* GameViewController.swift */ = {isa = PBXFileReference; fileEncoding = 4; lastKnownFileType = sourcecode.swift; name = GameViewController.swift; path = "View Controllers/GameViewController.swift"; sourceTree = "<group>"; };
		48A0EE511B8FE6950059FCFD /* WindowController.swift */ = {isa = PBXFileReference; fileEncoding = 4; lastKnownFileType = sourcecode.swift; name = WindowController.swift; path = Controllers/WindowController.swift; sourceTree = "<group>"; };
/* End PBXFileReference section */

/* Begin PBXFrameworksBuildPhase section */
		48A0EE1B1B8FE0470059FCFD /* Frameworks */ = {
			isa = PBXFrameworksBuildPhase;
			buildActionMask = 2147483647;
			files = (
			);
			runOnlyForDeploymentPostprocessing = 0;
		};
/* End PBXFrameworksBuildPhase section */

/* Begin PBXGroup section */
		480902D91B93A08A000B8AAC /* Entities */ = {
			isa = PBXGroup;
			children = (
				480902DA1B93A09B000B8AAC /* Player.swift */,
				480902DC1B93A11B000B8AAC /* SKEntity.swift */,
			);
			name = Entities;
			sourceTree = "<group>";
		};
		480902E41B93B596000B8AAC /* SKTUtils */ = {
			isa = PBXGroup;
			children = (
				480902E51B93B5A1000B8AAC /* CGFloat+Extensions.swift */,
				480902E61B93B5A1000B8AAC /* CGPoint+Extensions.swift */,
				480902E71B93B5A1000B8AAC /* CGVector+Extensions.swift */,
				480902E81B93B5A1000B8AAC /* Int+Extensions.swift */,
				480902E91B93B5A1000B8AAC /* SKAction+Extensions.swift */,
				480902EA1B93B5A1000B8AAC /* SKAction+SpecialEffects.swift */,
				480902EB1B93B5A1000B8AAC /* SKColor+Extensions.swift */,
				480902EC1B93B5A1000B8AAC /* SKNode+Extensions.swift */,
				480902ED1B93B5A1000B8AAC /* SKTAudio.swift */,
				480902EE1B93B5A1000B8AAC /* SKTEffects.swift */,
				480902EF1B93B5A1000B8AAC /* SKTTimingFunctions.swift */,
				480902F01B93B5A1000B8AAC /* Vector3.swift */,
			);
			name = SKTUtils;
			sourceTree = "<group>";
		};
		48A0EE151B8FE0470059FCFD = {
			isa = PBXGroup;
			children = (
				48A0EE201B8FE0470059FCFD /* Chase */,
			);
			sourceTree = "<group>";
		};
		48A0EE201B8FE0470059FCFD /* Chase */ = {
			isa = PBXGroup;
			children = (
				48A0EE561B8FE6CC0059FCFD /* Classes */,
				48A0EE571B8FE6E00059FCFD /* Libraries */,
				48A0EE211B8FE0470059FCFD /* Support */,
				48A0EE581B8FE6FA0059FCFD /* Resources */,
			);
			path = Chase;
			sourceTree = "<group>";
		};
		48A0EE211B8FE0470059FCFD /* Support */ = {
			isa = PBXGroup;
			children = (
				488EAFC81B8FEB64004B5AD4 /* Chase.app */,
				48A0EE2B1B8FE0470059FCFD /* Main.storyboard */,
				48A0EE301B8FE0470059FCFD /* LaunchScreen.xib */,
				488EAFC61B8FEB1E004B5AD4 /* app.plist */,
			);
			name = Support;
			sourceTree = "<group>";
		};
		48A0EE531B8FE69F0059FCFD /* Controllers */ = {
			isa = PBXGroup;
			children = (
				48A0EE511B8FE6950059FCFD /* WindowController.swift */,
			);
			name = Controllers;
			sourceTree = "<group>";
		};
		48A0EE541B8FE6A60059FCFD /* View Controllers */ = {
			isa = PBXGroup;
			children = (
				48A0EE4F1B8FE6900059FCFD /* GameViewController.swift */,
			);
			name = "View Controllers";
			sourceTree = "<group>";
		};
		48A0EE551B8FE6BB0059FCFD /* Scenes */ = {
			isa = PBXGroup;
			children = (
				48A0EE4B1B8FE6750059FCFD /* MainGameScene.swift */,
			);
			name = Scenes;
			sourceTree = "<group>";
		};
		48A0EE561B8FE6CC0059FCFD /* Classes */ = {
			isa = PBXGroup;
			children = (
				480902D91B93A08A000B8AAC /* Entities */,
				48A0EE551B8FE6BB0059FCFD /* Scenes */,
				48A0EE541B8FE6A60059FCFD /* View Controllers */,
				48A0EE531B8FE69F0059FCFD /* Controllers */,
			);
			name = Classes;
			sourceTree = "<group>";
		};
		48A0EE571B8FE6E00059FCFD /* Libraries */ = {
			isa = PBXGroup;
			children = (
				480902E41B93B596000B8AAC /* SKTUtils */,
				480902DF1B93AE53000B8AAC /* UIViewExtensions.swift */,
			);
			name = Libraries;
			sourceTree = "<group>";
		};
		48A0EE581B8FE6FA0059FCFD /* Resources */ = {
			isa = PBXGroup;
			children = (
				48A0EE2E1B8FE0470059FCFD /* Images.xcassets */,
				480902E21B93AEF7000B8AAC /* entities.atlas */,
			);
			name = Resources;
			path = Chase.xcodeproj;
			sourceTree = SOURCE_ROOT;
		};
/* End PBXGroup section */

/* Begin PBXNativeTarget section */
		48A0EE1D1B8FE0470059FCFD /* Chase */ = {
			isa = PBXNativeTarget;
			buildConfigurationList = 48A0EE411B8FE0470059FCFD /* Build configuration list for PBXNativeTarget "Chase" */;
			buildPhases = (
				48A0EE1A1B8FE0470059FCFD /* Sources */,
				48A0EE1B1B8FE0470059FCFD /* Frameworks */,
				48A0EE1C1B8FE0470059FCFD /* Resources */,
			);
			buildRules = (
			);
			dependencies = (
			);
			name = Chase;
			productName = Chase;
			productReference = 488EAFC81B8FEB64004B5AD4 /* Chase.app */;
			productType = "com.apple.product-type.application";
		};
/* End PBXNativeTarget section */

/* Begin PBXProject section */
		48A0EE161B8FE0470059FCFD /* Project object */ = {
			isa = PBXProject;
			attributes = {
				LastUpgradeCheck = 0640;
				ORGANIZATIONNAME = "Ryan Ackermann";
				TargetAttributes = {
					48A0EE1D1B8FE0470059FCFD = {
						CreatedOnToolsVersion = 6.4;
						DevelopmentTeam = WK4Y48HVH2;
					};
				};
			};
			buildConfigurationList = 48A0EE191B8FE0470059FCFD /* Build configuration list for PBXProject "Chase" */;
			compatibilityVersion = "Xcode 3.2";
			developmentRegion = English;
			hasScannedForEncodings = 0;
			knownRegions = (
				en,
				Base,
			);
			mainGroup = 48A0EE151B8FE0470059FCFD;
			productRefGroup = 48A0EE151B8FE0470059FCFD;
			projectDirPath = "";
			projectRoot = "";
			targets = (
				48A0EE1D1B8FE0470059FCFD /* Chase */,
			);
		};
/* End PBXProject section */

/* Begin PBXResourcesBuildPhase section */
		48A0EE1C1B8FE0470059FCFD /* Resources */ = {
			isa = PBXResourcesBuildPhase;
			buildActionMask = 2147483647;
			files = (
				480902E31B93AEF7000B8AAC /* entities.atlas in Resources */,
				48A0EE321B8FE0470059FCFD /* LaunchScreen.xib in Resources */,
				48A0EE2F1B8FE0470059FCFD /* Images.xcassets in Resources */,
				48A0EE2D1B8FE0470059FCFD /* Main.storyboard in Resources */,
			);
			runOnlyForDeploymentPostprocessing = 0;
		};
/* End PBXResourcesBuildPhase section */

/* Begin PBXSourcesBuildPhase section */
		48A0EE1A1B8FE0470059FCFD /* Sources */ = {
			isa = PBXSourcesBuildPhase;
			buildActionMask = 2147483647;
			files = (
				480902DB1B93A09B000B8AAC /* Player.swift in Sources */,
				480902FB1B93B5A1000B8AAC /* SKTTimingFunctions.swift in Sources */,
				480902E11B93AE53000B8AAC /* UIViewExtensions.swift in Sources */,
				480902F31B93B5A1000B8AAC /* CGVector+Extensions.swift in Sources */,
				480902F21B93B5A1000B8AAC /* CGPoint+Extensions.swift in Sources */,
				480902F11B93B5A1000B8AAC /* CGFloat+Extensions.swift in Sources */,
				480902DD1B93A11B000B8AAC /* SKEntity.swift in Sources */,
				480902F91B93B5A1000B8AAC /* SKTAudio.swift in Sources */,
				48A0EE501B8FE6900059FCFD /* GameViewController.swift in Sources */,
				480902F81B93B5A1000B8AAC /* SKNode+Extensions.swift in Sources */,
				480902F51B93B5A1000B8AAC /* SKAction+Extensions.swift in Sources */,
				480902F61B93B5A1000B8AAC /* SKAction+SpecialEffects.swift in Sources */,
				48A0EE521B8FE6950059FCFD /* WindowController.swift in Sources */,
				48A0EE4C1B8FE6750059FCFD /* MainGameScene.swift in Sources */,
				480902FA1B93B5A1000B8AAC /* SKTEffects.swift in Sources */,
				480902F41B93B5A1000B8AAC /* Int+Extensions.swift in Sources */,
				480902FC1B93B5A1000B8AAC /* Vector3.swift in Sources */,
				480902F71B93B5A1000B8AAC /* SKColor+Extensions.swift in Sources */,
			);
			runOnlyForDeploymentPostprocessing = 0;
		};
/* End PBXSourcesBuildPhase section */

/* Begin PBXVariantGroup section */
		48A0EE2B1B8FE0470059FCFD /* Main.storyboard */ = {
			isa = PBXVariantGroup;
			children = (
				48A0EE2C1B8FE0470059FCFD /* Base */,
			);
			name = Main.storyboard;
			sourceTree = "<group>";
		};
		48A0EE301B8FE0470059FCFD /* LaunchScreen.xib */ = {
			isa = PBXVariantGroup;
			children = (
				48A0EE311B8FE0470059FCFD /* Base */,
			);
			name = LaunchScreen.xib;
			sourceTree = "<group>";
		};
/* End PBXVariantGroup section */

/* Begin XCBuildConfiguration section */
		48A0EE3F1B8FE0470059FCFD /* Debug */ = {
			isa = XCBuildConfiguration;
			buildSettings = {
				ALWAYS_SEARCH_USER_PATHS = NO;
				CLANG_CXX_LANGUAGE_STANDARD = "gnu++0x";
				CLANG_CXX_LIBRARY = "libc++";
				CLANG_ENABLE_MODULES = YES;
				CLANG_ENABLE_OBJC_ARC = YES;
				CLANG_WARN_BOOL_CONVERSION = YES;
				CLANG_WARN_CONSTANT_CONVERSION = YES;
				CLANG_WARN_DIRECT_OBJC_ISA_USAGE = YES_ERROR;
				CLANG_WARN_EMPTY_BODY = YES;
				CLANG_WARN_ENUM_CONVERSION = YES;
				CLANG_WARN_INT_CONVERSION = YES;
				CLANG_WARN_OBJC_ROOT_CLASS = YES_ERROR;
				CLANG_WARN_UNREACHABLE_CODE = YES;
				CLANG_WARN__DUPLICATE_METHOD_MATCH = YES;
				"CODE_SIGN_IDENTITY[sdk=iphoneos*]" = "iPhone Developer";
				COPY_PHASE_STRIP = NO;
				DEBUG_INFORMATION_FORMAT = "dwarf-with-dsym";
				ENABLE_STRICT_OBJC_MSGSEND = YES;
				GCC_C_LANGUAGE_STANDARD = gnu99;
				GCC_DYNAMIC_NO_PIC = NO;
				GCC_NO_COMMON_BLOCKS = YES;
				GCC_OPTIMIZATION_LEVEL = 0;
				GCC_PREPROCESSOR_DEFINITIONS = (
					"DEBUG=1",
					"$(inherited)",
				);
				GCC_SYMBOLS_PRIVATE_EXTERN = NO;
				GCC_WARN_64_TO_32_BIT_CONVERSION = YES;
				GCC_WARN_ABOUT_RETURN_TYPE = YES_ERROR;
				GCC_WARN_UNDECLARED_SELECTOR = YES;
				GCC_WARN_UNINITIALIZED_AUTOS = YES_AGGRESSIVE;
				GCC_WARN_UNUSED_FUNCTION = YES;
				GCC_WARN_UNUSED_VARIABLE = YES;
				IPHONEOS_DEPLOYMENT_TARGET = 8.0;
				MTL_ENABLE_DEBUG_INFO = YES;
				ONLY_ACTIVE_ARCH = YES;
				SDKROOT = iphoneos;
				SWIFT_OPTIMIZATION_LEVEL = "-Onone";
				TARGETED_DEVICE_FAMILY = "1,2";
			};
			name = Debug;
		};
		48A0EE401B8FE0470059FCFD /* Release */ = {
			isa = XCBuildConfiguration;
			buildSettings = {
				ALWAYS_SEARCH_USER_PATHS = NO;
				CLANG_CXX_LANGUAGE_STANDARD = "gnu++0x";
				CLANG_CXX_LIBRARY = "libc++";
				CLANG_ENABLE_MODULES = YES;
				CLANG_ENABLE_OBJC_ARC = YES;
				CLANG_WARN_BOOL_CONVERSION = YES;
				CLANG_WARN_CONSTANT_CONVERSION = YES;
				CLANG_WARN_DIRECT_OBJC_ISA_USAGE = YES_ERROR;
				CLANG_WARN_EMPTY_BODY = YES;
				CLANG_WARN_ENUM_CONVERSION = YES;
				CLANG_WARN_INT_CONVERSION = YES;
				CLANG_WARN_OBJC_ROOT_CLASS = YES_ERROR;
				CLANG_WARN_UNREACHABLE_CODE = YES;
				CLANG_WARN__DUPLICATE_METHOD_MATCH = YES;
				"CODE_SIGN_IDENTITY[sdk=iphoneos*]" = "iPhone Developer";
				COPY_PHASE_STRIP = NO;
				DEBUG_INFORMATION_FORMAT = "dwarf-with-dsym";
				ENABLE_NS_ASSERTIONS = NO;
				ENABLE_STRICT_OBJC_MSGSEND = YES;
				GCC_C_LANGUAGE_STANDARD = gnu99;
				GCC_NO_COMMON_BLOCKS = YES;
				GCC_WARN_64_TO_32_BIT_CONVERSION = YES;
				GCC_WARN_ABOUT_RETURN_TYPE = YES_ERROR;
				GCC_WARN_UNDECLARED_SELECTOR = YES;
				GCC_WARN_UNINITIALIZED_AUTOS = YES_AGGRESSIVE;
				GCC_WARN_UNUSED_FUNCTION = YES;
				GCC_WARN_UNUSED_VARIABLE = YES;
				IPHONEOS_DEPLOYMENT_TARGET = 8.0;
				MTL_ENABLE_DEBUG_INFO = NO;
				SDKROOT = iphoneos;
				TARGETED_DEVICE_FAMILY = "1,2";
				VALIDATE_PRODUCT = YES;
			};
			name = Release;
		};
		48A0EE421B8FE0470059FCFD /* Debug */ = {
			isa = XCBuildConfiguration;
			buildSettings = {
				ASSETCATALOG_COMPILER_APPICON_NAME = AppIcon;
				ASSETCATALOG_COMPILER_LAUNCHIMAGE_NAME = LaunchImage;
				CLANG_ENABLE_MODULES = YES;
				CODE_SIGN_IDENTITY = "iPhone Developer";
				INFOPLIST_FILE = "$(SRCROOT)/Chase/app.plist";
				IPHONEOS_DEPLOYMENT_TARGET = 8.0;
				LD_RUNPATH_SEARCH_PATHS = "$(inherited) @executable_path/Frameworks";
				PRODUCT_NAME = "$(TARGET_NAME)";
				SWIFT_OPTIMIZATION_LEVEL = "-Onone";
				TARGETED_DEVICE_FAMILY = "1,2";
			};
			name = Debug;
		};
		48A0EE431B8FE0470059FCFD /* Release */ = {
			isa = XCBuildConfiguration;
			buildSettings = {
				ASSETCATALOG_COMPILER_APPICON_NAME = AppIcon;
				ASSETCATALOG_COMPILER_LAUNCHIMAGE_NAME = LaunchImage;
				CLANG_ENABLE_MODULES = YES;
				CODE_SIGN_IDENTITY = "iPhone Developer";
				INFOPLIST_FILE = "$(SRCROOT)/Chase/app.plist";
				IPHONEOS_DEPLOYMENT_TARGET = 8.0;
				LD_RUNPATH_SEARCH_PATHS = "$(inherited) @executable_path/Frameworks";
				PRODUCT_NAME = "$(TARGET_NAME)";
				TARGETED_DEVICE_FAMILY = "1,2";
			};
			name = Release;
		};
/* End XCBuildConfiguration section */

/* Begin XCConfigurationList section */
		48A0EE191B8FE0470059FCFD /* Build configuration list for PBXProject "Chase" */ = {
			isa = XCConfigurationList;
			buildConfigurations = (
				48A0EE3F1B8FE0470059FCFD /* Debug */,
				48A0EE401B8FE0470059FCFD /* Release */,
			);
			defaultConfigurationIsVisible = 0;
			defaultConfigurationName = Release;
		};
		48A0EE411B8FE0470059FCFD /* Build configuration list for PBXNativeTarget "Chase" */ = {
			isa = XCConfigurationList;
			buildConfigurations = (
				48A0EE421B8FE0470059FCFD /* Debug */,
				48A0EE431B8FE0470059FCFD /* Release */,
			);
			defaultConfigurationIsVisible = 0;
			defaultConfigurationName = Release;
		};
/* End XCConfigurationList section */
	};
	rootObject = 48A0EE161B8FE0470059FCFD /* Project object */;
}
